
Microsoft Visual Studio Solution File, Format Version 12.00
# Visual Studio 2013
VisualStudioVersion = 12.0.31101.0
MinimumVisualStudioVersion = 10.0.40219.1
Project("{FAE04EC0-301F-11D3-BF4B-00C04F79EFBC}") = "FileManager.Data", "FileManager.Data\FileManager.Data.csproj", "{CE374A86-2570-4746-98FE-00AEA962FDC1}"
EndProject
Project("{FAE04EC0-301F-11D3-BF4B-00C04F79EFBC}") = "FileManager.Logic", "FileManager.Logic\FileManager.Logic.csproj", "{22906E0A-A9BC-4530-AE58-A0CBCE3FCD8F}"
EndProject
Project("{FAE04EC0-301F-11D3-BF4B-00C04F79EFBC}") = "FileManager.Mvc", "FileManager.Mvc\FileManager.Mvc.csproj", "{5AD44A48-2205-45B6-8894-5B23812FD4A2}"
EndProject
Project("{FAE04EC0-301F-11D3-BF4B-00C04F79EFBC}") = "FileManager.Dal", "FileManager.Dal\FileManager.Dal.csproj", "{409D4C5B-E3BF-4E56-9BD5-01F8EEA89AC8}"
EndProject
Global
	GlobalSection(SolutionConfigurationPlatforms) = preSolution
		Debug|Any CPU = Debug|Any CPU
		Release|Any CPU = Release|Any CPU
	EndGlobalSection
	GlobalSection(ProjectConfigurationPlatforms) = postSolution
		{CE374A86-2570-4746-98FE-00AEA962FDC1}.Debug|Any CPU.ActiveCfg = Debug|Any CPU
		{CE374A86-2570-4746-98FE-00AEA962FDC1}.Debug|Any CPU.Build.0 = Debug|Any CPU
		{CE374A86-2570-4746-98FE-00AEA962FDC1}.Release|Any CPU.ActiveCfg = Release|Any CPU
		{CE374A86-2570-4746-98FE-00AEA962FDC1}.Release|Any CPU.Build.0 = Release|Any CPU
		{22906E0A-A9BC-4530-AE58-A0CBCE3FCD8F}.Debug|Any CPU.ActiveCfg = Debug|Any CPU
		{22906E0A-A9BC-4530-AE58-A0CBCE3FCD8F}.Debug|Any CPU.Build.0 = Debug|Any CPU
		{22906E0A-A9BC-4530-AE58-A0CBCE3FCD8F}.Release|Any CPU.ActiveCfg = Release|Any CPU
		{22906E0A-A9BC-4530-AE58-A0CBCE3FCD8F}.Release|Any CPU.Build.0 = Release|Any CPU
		{5AD44A48-2205-45B6-8894-5B23812FD4A2}.Debug|Any CPU.ActiveCfg = Debug|Any CPU
		{5AD44A48-2205-45B6-8894-5B23812FD4A2}.Debug|Any CPU.Build.0 = Debug|Any CPU
		{5AD44A48-2205-45B6-8894-5B23812FD4A2}.Release|Any CPU.ActiveCfg = Release|Any CPU
		{5AD44A48-2205-45B6-8894-5B23812FD4A2}.Release|Any CPU.Build.0 = Release|Any CPU
		{409D4C5B-E3BF-4E56-9BD5-01F8EEA89AC8}.Debug|Any CPU.ActiveCfg = Debug|Any CPU
		{409D4C5B-E3BF-4E56-9BD5-01F8EEA89AC8}.Debug|Any CPU.Build.0 = Debug|Any CPU
		{409D4C5B-E3BF-4E56-9BD5-01F8EEA89AC8}.Release|Any CPU.ActiveCfg = Release|Any CPU
		{409D4C5B-E3BF-4E56-9BD5-01F8EEA89AC8}.Release|Any CPU.Build.0 = Release|Any CPU
	EndGlobalSection
	GlobalSection(SolutionProperties) = preSolution
		HideSolutionNode = FALSE
	EndGlobalSection
EndGlobal
